
Microsoft Visual Studio Solution File, Format Version 12.00
# Visual Studio Version 17
VisualStudioVersion = 17.1.32421.90
MinimumVisualStudioVersion = 10.0.40219.1
Project("{FAE04EC0-301F-11D3-BF4B-00C04F79EFBC}") = "BulkyBookWeb", "BulkyBookWeb\BulkyBookWeb.csproj", "{842A1284-CA8A-4A5F-BB21-E8F12A9D1F79}"
EndProject
Global
	GlobalSection(SolutionConfigurationPlatforms) = preSolution
		Debug|Any CPU = Debug|Any CPU
		Release|Any CPU = Release|Any CPU
	EndGlobalSection
	GlobalSection(ProjectConfigurationPlatforms) = postSolution
		{842A1284-CA8A-4A5F-BB21-E8F12A9D1F79}.Debug|Any CPU.ActiveCfg = Debug|Any CPU
		{842A1284-CA8A-4A5F-BB21-E8F12A9D1F79}.Debug|Any CPU.Build.0 = Debug|Any CPU
		{842A1284-CA8A-4A5F-BB21-E8F12A9D1F79}.Release|Any CPU.ActiveCfg = Release|Any CPU
		{842A1284-CA8A-4A5F-BB21-E8F12A9D1F79}.Release|Any CPU.Build.0 = Release|Any CPU
	EndGlobalSection
	GlobalSection(SolutionProperties) = preSolution
		HideSolutionNode = FALSE
	EndGlobalSection
	GlobalSection(ExtensibilityGlobals) = postSolution
		SolutionGuid = {33FBFA19-68EF-4871-B786-43DD04856CB6}
	EndGlobalSection
EndGlobal
